
Microsoft Visual Studio Solution File, Format Version 12.00
# Visual Studio Version 16
VisualStudioVersion = 16.0.31829.152
MinimumVisualStudioVersion = 10.0.40219.1
Project("{FAE04EC0-301F-11D3-BF4B-00C04F79EFBC}") = "Zadacha5.4", "Zadacha5.4\Zadacha5.4.csproj", "{39610A62-7CCD-41CE-AA1D-A1B0F65E19BD}"
EndProject
Global
	GlobalSection(SolutionConfigurationPlatforms) = preSolution
		Debug|Any CPU = Debug|Any CPU
		Release|Any CPU = Release|Any CPU
	EndGlobalSection
	GlobalSection(ProjectConfigurationPlatforms) = postSolution
		{39610A62-7CCD-41CE-AA1D-A1B0F65E19BD}.Debug|Any CPU.ActiveCfg = Debug|Any CPU
		{39610A62-7CCD-41CE-AA1D-A1B0F65E19BD}.Debug|Any CPU.Build.0 = Debug|Any CPU
		{39610A62-7CCD-41CE-AA1D-A1B0F65E19BD}.Release|Any CPU.ActiveCfg = Release|Any CPU
		{39610A62-7CCD-41CE-AA1D-A1B0F65E19BD}.Release|Any CPU.Build.0 = Release|Any CPU
	EndGlobalSection
	GlobalSection(SolutionProperties) = preSolution
		HideSolutionNode = FALSE
	EndGlobalSection
	GlobalSection(ExtensibilityGlobals) = postSolution
		SolutionGuid = {BB133978-2EAE-456A-A164-A4E48FDD32BB}
	EndGlobalSection
EndGlobal
